schema: '2.0'
stages:
  load_data:
    cmd: python3 src/load_data.py 
      /Users/juancarloscamperovilla/Documents/GitHub/MLOps/Residencial_build/Fase_1/data/raw/Residential-Building-Data-Set.xlsx
      data/processed/loaded_data.csv
    deps:
    - path: data/raw/Residential-Building-Data-Set.xlsx
      hash: md5
      md5: 03a47d5ac2bcbd0712e61c7ef86c45e8
      size: 311097
      isexec: true
    - path: src/load_data.py
      hash: md5
      md5: c3d45d46e133158b3250edc8634d4e74
      size: 332
    outs:
    - path: data/processed/loaded_data.csv
      hash: md5
      md5: d26bde1a55ce2a08e475bcca59569d87
      size: 241825
  preprocess:
    cmd: python3 src/preprocess_data.py data/processed/loaded_data.csv
    deps:
    - path: data/processed/loaded_data.csv
      hash: md5
      md5: d26bde1a55ce2a08e475bcca59569d87
      size: 241825
    - path: src/preprocess_data.py
      hash: md5
      md5: 0277e680c2563ffe1c6a91e6a0901673
      size: 2291
    outs:
    - path: data/processed/X_test.csv
      hash: md5
      md5: 46d21ba0930b7967a1ec35fa5d355047
      size: 19847
    - path: data/processed/X_train.csv
      hash: md5
      md5: 4d79651e278d169d25a78578b880c1e9
      size: 77143
    - path: data/processed/y_test.csv
      hash: md5
      md5: ba44d03ca9abbb6ed5b0978a7143354b
      size: 742
    - path: data/processed/y_train.csv
      hash: md5
      md5: 87a9a3e60e7aa74791a5263ff6377d12
      size: 2933
  pipeline:
    cmd: python3 src/make_pipeline.py data/processed/loaded_data.csv data/processed/X_train.csv
      data/processed/y_train.csv
    deps:
    - path: data/processed/X_train.csv
      hash: md5
      md5: 4d79651e278d169d25a78578b880c1e9
      size: 77143
    - path: data/processed/loaded_data.csv
      hash: md5
      md5: d26bde1a55ce2a08e475bcca59569d87
      size: 241825
    - path: data/processed/y_train.csv
      hash: md5
      md5: 87a9a3e60e7aa74791a5263ff6377d12
      size: 2933
    - path: src/make_pipeline.py
      hash: md5
      md5: a98f2bf0656f35c1e13fae48c80be07c
      size: 1251
    outs:
    - path: models//model_4.joblib
      hash: md5
      md5: 0481e7550bb81cc9a795b657a41bdc96
      size: 20214
  evaluate:
    cmd: python3 src/evaluate_model.py models/model_4.joblib data/processed/X_test.csv
      data/processed/y_test.csv data/processed/X_train.csv data/processed/y_train.csv
    deps:
    - path: data/processed/X_test.csv
      hash: md5
      md5: 46d21ba0930b7967a1ec35fa5d355047
      size: 19847
    - path: data/processed/X_train.csv
      hash: md5
      md5: 4d79651e278d169d25a78578b880c1e9
      size: 77143
    - path: data/processed/y_test.csv
      hash: md5
      md5: ba44d03ca9abbb6ed5b0978a7143354b
      size: 742
    - path: data/processed/y_train.csv
      hash: md5
      md5: 87a9a3e60e7aa74791a5263ff6377d12
      size: 2933
    - path: models/model_4.joblib
      hash: md5
      md5: 0481e7550bb81cc9a795b657a41bdc96
      size: 20214
    - path: src/evaluate_model.py
      hash: md5
      md5: 570d2a5cfe9badd84d8c4a6a95a26108
      size: 1279
